Microsoft Visual Studio Solution File, Format Version 12.00
# Visual Studio Version 17
VisualStudioVersion = 17.5.2.0
MinimumVisualStudioVersion = 10.0.40219.1
Project("{2150E333-8FDC-42A3-9474-1A3956D46DE8}") = "dotnet", "dotnet", "{71E6E750-85FD-B5BC-4321-E01377EC6231}"
EndProject
Project("{FAE04EC0-301F-11D3-BF4B-00C04F79EFBC}") = "CSharpConsoleApp", "CSharpConsoleApp\CSharpConsoleApp.csproj", "{93B8EDCF-9F85-486E-9ED3-2471C60F2F41}"
EndProject
Global
	GlobalSection(SolutionConfigurationPlatforms) = preSolution
		Debug|Any CPU = Debug|Any CPU
		Release|Any CPU = Release|Any CPU
	EndGlobalSection
	GlobalSection(ProjectConfigurationPlatforms) = postSolution
		{93B8EDCF-9F85-486E-9ED3-2471C60F2F41}.Debug|Any CPU.ActiveCfg = Debug|Any CPU
		{93B8EDCF-9F85-486E-9ED3-2471C60F2F41}.Debug|Any CPU.Build.0 = Debug|Any CPU
		{93B8EDCF-9F85-486E-9ED3-2471C60F2F41}.Release|Any CPU.ActiveCfg = Release|Any CPU
		{93B8EDCF-9F85-486E-9ED3-2471C60F2F41}.Release|Any CPU.Build.0 = Release|Any CPU
	EndGlobalSection
	GlobalSection(SolutionProperties) = preSolution
		HideSolutionNode = FALSE
	EndGlobalSection
	GlobalSection(NestedProjects) = preSolution
		{93B8EDCF-9F85-486E-9ED3-2471C60F2F41} = {71E6E750-85FD-B5BC-4321-E01377EC6231}
	EndGlobalSection
	GlobalSection(ExtensibilityGlobals) = postSolution
		SolutionGuid = {B3BE8660-5848-4117-9052-25FC485FAD2C}
	EndGlobalSection
EndGlobal
